
Microsoft Visual Studio Solution File, Format Version 12.00
# Visual Studio Version 17
VisualStudioVersion = 17.4.33213.308
MinimumVisualStudioVersion = 10.0.40219.1
Project("{9A19103F-16F7-4668-BE54-9A1E7A4F7556}") = "MyWeb2023", "MyWeb2023\MyWeb2023.csproj", "{0A22FC9F-C053-461F-AA5E-B66D31B52CEE}"
EndProject
Project("{9A19103F-16F7-4668-BE54-9A1E7A4F7556}") = "Myweb.Domain", "Myweb.Domain\Myweb.Domain.csproj", "{13EE050E-D4B6-490C-A6F7-D139EDFEE70E}"
EndProject
Project("{9A19103F-16F7-4668-BE54-9A1E7A4F7556}") = "ConsoleApp1", "ConsoleApp1\ConsoleApp1.csproj", "{D681D917-3D15-48E7-9B41-4230DFBCC54F}"
EndProject
Project("{FAE04EC0-301F-11D3-BF4B-00C04F79EFBC}") = "Client_Template", "Client_Template\Client_Template.csproj", "{591E4748-585C-4F3C-8A08-C6D94421F388}"
EndProject
Global
	GlobalSection(SolutionConfigurationPlatforms) = preSolution
		Debug|Any CPU = Debug|Any CPU
		Release|Any CPU = Release|Any CPU
	EndGlobalSection
	GlobalSection(ProjectConfigurationPlatforms) = postSolution
		{0A22FC9F-C053-461F-AA5E-B66D31B52CEE}.Debug|Any CPU.ActiveCfg = Debug|Any CPU
		{0A22FC9F-C053-461F-AA5E-B66D31B52CEE}.Debug|Any CPU.Build.0 = Debug|Any CPU
		{0A22FC9F-C053-461F-AA5E-B66D31B52CEE}.Release|Any CPU.ActiveCfg = Release|Any CPU
		{0A22FC9F-C053-461F-AA5E-B66D31B52CEE}.Release|Any CPU.Build.0 = Release|Any CPU
		{13EE050E-D4B6-490C-A6F7-D139EDFEE70E}.Debug|Any CPU.ActiveCfg = Debug|Any CPU
		{13EE050E-D4B6-490C-A6F7-D139EDFEE70E}.Debug|Any CPU.Build.0 = Debug|Any CPU
		{13EE050E-D4B6-490C-A6F7-D139EDFEE70E}.Release|Any CPU.ActiveCfg = Release|Any CPU
		{13EE050E-D4B6-490C-A6F7-D139EDFEE70E}.Release|Any CPU.Build.0 = Release|Any CPU
		{D681D917-3D15-48E7-9B41-4230DFBCC54F}.Debug|Any CPU.ActiveCfg = Debug|Any CPU
		{D681D917-3D15-48E7-9B41-4230DFBCC54F}.Debug|Any CPU.Build.0 = Debug|Any CPU
		{D681D917-3D15-48E7-9B41-4230DFBCC54F}.Release|Any CPU.ActiveCfg = Release|Any CPU
		{D681D917-3D15-48E7-9B41-4230DFBCC54F}.Release|Any CPU.Build.0 = Release|Any CPU
		{591E4748-585C-4F3C-8A08-C6D94421F388}.Debug|Any CPU.ActiveCfg = Debug|Any CPU
		{591E4748-585C-4F3C-8A08-C6D94421F388}.Debug|Any CPU.Build.0 = Debug|Any CPU
		{591E4748-585C-4F3C-8A08-C6D94421F388}.Release|Any CPU.ActiveCfg = Release|Any CPU
		{591E4748-585C-4F3C-8A08-C6D94421F388}.Release|Any CPU.Build.0 = Release|Any CPU
	EndGlobalSection
	GlobalSection(SolutionProperties) = preSolution
		HideSolutionNode = FALSE
	EndGlobalSection
	GlobalSection(ExtensibilityGlobals) = postSolution
		SolutionGuid = {C0374F81-DE11-45FA-AB2F-9A86316D406A}
	EndGlobalSection
EndGlobal
